
Microsoft Visual Studio Solution File, Format Version 12.00
# Visual Studio Version 16
VisualStudioVersion = 16.0.32002.261
MinimumVisualStudioVersion = 10.0.40219.1
Project("{FAE04EC0-301F-11D3-BF4B-00C04F79EFBC}") = "lab13kpiap", "lab13kpiap\lab13kpiap.csproj", "{265CB1B9-36CE-4F81-8432-C23F892B8895}"
EndProject
Global
	GlobalSection(SolutionConfigurationPlatforms) = preSolution
		Debug|Any CPU = Debug|Any CPU
		Release|Any CPU = Release|Any CPU
	EndGlobalSection
	GlobalSection(ProjectConfigurationPlatforms) = postSolution
		{265CB1B9-36CE-4F81-8432-C23F892B8895}.Debug|Any CPU.ActiveCfg = Debug|Any CPU
		{265CB1B9-36CE-4F81-8432-C23F892B8895}.Debug|Any CPU.Build.0 = Debug|Any CPU
		{265CB1B9-36CE-4F81-8432-C23F892B8895}.Release|Any CPU.ActiveCfg = Release|Any CPU
		{265CB1B9-36CE-4F81-8432-C23F892B8895}.Release|Any CPU.Build.0 = Release|Any CPU
	EndGlobalSection
	GlobalSection(SolutionProperties) = preSolution
		HideSolutionNode = FALSE
	EndGlobalSection
	GlobalSection(ExtensibilityGlobals) = postSolution
		SolutionGuid = {BDB4C3B0-237C-4793-9921-A502238E8A98}
	EndGlobalSection
EndGlobal
